__POOL_SYNTHETIC_IMPORT_BASELINE__
__POOL_SYNTHETIC_IMPORT_BASELINE__
__POOL_SYNTHETIC_IMPORT_BASELINE__
__POOL_SYNTHETIC_IMPORT_BASELINE__
github.com/BurntSushi/toml v1.5.0 h1:W5quZX/G/csjUnuI8SUYlsHs9M38FC7znL0lIO+DvMg=
github.com/BurntSushi/toml v1.5.0/go.mod h1:ukJfTF/6rtPPRCnwkur4qwRxa8vTRFBF0uk2lLoLwho=
__POOL_SYNTHETIC_IMPORT_BASELINE__
__POOL_SYNTHETIC_IMPORT_BASELINE__
__POOL_SYNTHETIC_IMPORT_BASELINE__
__POOL_SYNTHETIC_IMPORT_BASELINE__
__POOL_SYNTHETIC_IMPORT_BASELINE__
__POOL_SYNTHETIC_IMPORT_BASELINE__
__POOL_SYNTHETIC_IMPORT_BASELINE__
__POOL_SYNTHETIC_IMPORT_BASELINE__
__POOL_SYNTHETIC_IMPORT_BASELINE__
__POOL_SYNTHETIC_IMPORT_BASELINE__
__POOL_SYNTHETIC_IMPORT_BASELINE__
__POOL_SYNTHETIC_IMPORT_BASELINE__
__POOL_SYNTHETIC_IMPORT_BASELINE__
__POOL_SYNTHETIC_IMPORT_BASELINE__
__POOL_SYNTHETIC_IMPORT_BASELINE__
__POOL_SYNTHETIC_IMPORT_BASELINE__
github.com/creack/pty v1.1.24 h1:bJrF4RRfyJnbTJqzRLHzcGaZK1NeM5kTC9jGgovnR1s=
github.com/creack/pty v1.1.24/go.mod h1:08sCNb52WyoAwi2QDyzUCTgcvVFhUzewun7wtTfvcwE=
__POOL_SYNTHETIC_IMPORT_BASELINE__
__POOL_SYNTHETIC_IMPORT_BASELINE__
github.com/danielgtaylor/huma/v2 v2.34.1 h1:EmOJAbzEGfy0wAq/QMQ1YKfEMBEfE94xdBRLPBP0gwQ=
github.com/danielgtaylor/huma/v2 v2.34.1/go.mod h1:ynwJgLk8iGVgoaipi5tgwIQ5yoFNmiu+QdhU7CEEmhk=
__POOL_SYNTHETIC_IMPORT_BASELINE__
__POOL_SYNTHETIC_IMPORT_BASELINE__
github.com/davecgh/go-spew v1.1.0/go.mod h1:J7Y8YcW2NihsgmVo/mv3lAwl/skON4iLHjSsI+c5H38=
github.com/davecgh/go-spew v1.1.1/go.mod h1:J7Y8YcW2NihsgmVo/mv3lAwl/skON4iLHjSsI+c5H38=
github.com/davecgh/go-spew v1.1.2-0.20180830191138-d8f796af33cc h1:U9qPSI2PIWSS1VwoXQT9A3Wy9MM3WgvqSxFWenqJduM=
github.com/davecgh/go-spew v1.1.2-0.20180830191138-d8f796af33cc/go.mod h1:J7Y8YcW2NihsgmVo/mv3lAwl/skON4iLHjSsI+c5H38=
__POOL_SYNTHETIC_IMPORT_BASELINE__
__POOL_SYNTHETIC_IMPORT_BASELINE__
__POOL_SYNTHETIC_IMPORT_BASELINE__
github.com/elazarl/goproxy v1.7.2/go.mod h1:82vkLNir0ALaW14Rc399OTTjyNREgmdL2cVoIbS6XaE=
__POOL_SYNTHETIC_IMPORT_BASELINE__
__POOL_SYNTHETIC_IMPORT_BASELINE__
__POOL_SYNTHETIC_IMPORT_BASELINE__
__POOL_SYNTHETIC_IMPORT_BASELINE__
__POOL_SYNTHETIC_IMPORT_BASELINE__
__POOL_SYNTHETIC_IMPORT_BASELINE__
__POOL_SYNTHETIC_IMPORT_BASELINE__
__POOL_SYNTHETIC_IMPORT_BASELINE__
__POOL_SYNTHETIC_IMPORT_BASELINE__
__POOL_SYNTHETIC_IMPORT_BASELINE__
__POOL_SYNTHETIC_IMPORT_BASELINE__
__POOL_SYNTHETIC_IMPORT_BASELINE__
__POOL_SYNTHETIC_IMPORT_BASELINE__
__POOL_SYNTHETIC_IMPORT_BASELINE__
__POOL_SYNTHETIC_IMPORT_BASELINE__
__POOL_SYNTHETIC_IMPORT_BASELINE__
github.com/golang-jwt/jwt/v5 v5.3.0 h1:pv4AsKCKKZuqlgs5sUmn4x8UlGa0kEVt/puTpKx9vvo=
github.com/golang-jwt/jwt/v5 v5.3.0/go.mod h1:fxCRLWMO43lRc8nhHWY6LGqRcf+1gQWArsqaEUEa5bE=
__POOL_SYNTHETIC_IMPORT_BASELINE__
__POOL_SYNTHETIC_IMPORT_BASELINE__
github.com/golang/groupcache v0.0.0-20241129210726-2c02b8208cf8 h1:f+oWsMOmNPc8JmEHVZIycC7hBoQxHH9pNKQORJNozsQ=
github.com/golang/groupcache v0.0.0-20241129210726-2c02b8208cf8/go.mod h1:wcDNUvekVysuuOpQKo3191zZyTpiI6se1N1ULghS0sw=
__POOL_SYNTHETIC_IMPORT_BASELINE__
__POOL_SYNTHETIC_IMPORT_BASELINE__
__POOL_SYNTHETIC_IMPORT_BASELINE__
__POOL_SYNTHETIC_IMPORT_BASELINE__
github.com/google/uuid v1.6.0 h1:NIvaJDMOsjHA8n1jAhLSgzrAzy1Hgr+hNrb57e+94F0=
github.com/google/uuid v1.6.0/go.mod h1:TIyPZe4MgqvfeYDBFedMoGGpEw/LqOeaOT+nhxU+yHo=
github.com/gordonklaus/ineffassign v0.2.0 h1:Uths4KnmwxNJNzq87fwQQDDnbNb7De00VOk9Nu0TySs=
github.com/gordonklaus/ineffassign v0.2.0/go.mod h1:TIpymnagPSexySzs7F9FnO1XFTy8IT3a59vmZp5Y9Lw=
__POOL_SYNTHETIC_IMPORT_BASELINE__
github.com/gorilla/websocket v1.5.4-0.20250319132907-e064f32e3674 h1:JeSE6pjso5THxAzdVpqr6/geYxZytqFMBCOtn/ujyeo=
github.com/gorilla/websocket v1.5.4-0.20250319132907-e064f32e3674/go.mod h1:r4w70xmWCQKmi1ONH4KIaBptdivuRPyosB9RmPlGEwA=
github.com/hashicorp/errwrap v1.0.0/go.mod h1:YH+1FKiLXxHSkmPseP+kNlulaMuP3n2brvKWEqk/Jc4=
github.com/hashicorp/errwrap v1.1.0 h1:OxrOeh75EUXMY8TBjag2fzXGZ40LB6IKw45YeGUDY2I=
github.com/hashicorp/errwrap v1.1.0/go.mod h1:YH+1FKiLXxHSkmPseP+kNlulaMuP3n2brvKWEqk/Jc4=
github.com/hashicorp/go-multierror v1.1.1 h1:H5DkEtf6CXdFp0N0Em5UCwQpXMWke8IA0+lD48awMYo=
github.com/hashicorp/go-multierror v1.1.1/go.mod h1:iw975J/qwKPdAO1clOe2L8331t/9/fmwbPZ6JB6eMoM=
__POOL_SYNTHETIC_IMPORT_BASELINE__
__POOL_SYNTHETIC_IMPORT_BASELINE__
github.com/iancoleman/strcase v0.3.0 h1:nTXanmYxhfFAMjZL34Ov6gkzEsSJZ5DbhxWjvSASxEI=
github.com/iancoleman/strcase v0.3.0/go.mod h1:iwCmte+B7n89clKwxIoIXy/HfoL7AsD47ZCWhYzw7ho=
__POOL_SYNTHETIC_IMPORT_BASELINE__
__POOL_SYNTHETIC_IMPORT_BASELINE__
__POOL_SYNTHETIC_IMPORT_BASELINE__
__POOL_SYNTHETIC_IMPORT_BASELINE__
__POOL_SYNTHETIC_IMPORT_BASELINE__
__POOL_SYNTHETIC_IMPORT_BASELINE__
__POOL_SYNTHETIC_IMPORT_BASELINE__
__POOL_SYNTHETIC_IMPORT_BASELINE__
github.com/kr/pretty v0.1.0/go.mod h1:dAy3ld7l9f0ibDNOQOHHMYYIIbhfbHSm3C4ZsoJORNo=
github.com/kr/pretty v0.3.1 h1:flRD4NNwYAUpkphVc1HcthR4KEIFJ65n8Mw5qdRn3LE=
github.com/kr/pretty v0.3.1/go.mod h1:hoEshYVHaxMs3cyo3Yncou5ZscifuDolrwPKZanG3xk=
github.com/kr/pty v1.1.1/go.mod h1:pFQYn66WHrOpPYNljwOMqo10TkYh1fy3cYio2l3bCsQ=
github.com/kr/text v0.1.0/go.mod h1:4Jbv+DJW3UT/LiOwJeYQe1efqtUx/iVham/4vfdArNI=
github.com/kr/text v0.2.0 h1:5Nx0Ya0ZqY2ygV366QzturHI13Jq95ApcVaJBhpS+AY=
github.com/kr/text v0.2.0/go.mod h1:eLer722TekiGuMkidMxC/pM04lWEeraHUUmBw8l2grE=
github.com/kylelemons/godebug v1.1.0 h1:RPNrshWIDI6G2gRW9EHilWtl7Z6Sb1BR0xunSBf0SNc=
__POOL_SYNTHETIC_IMPORT_BASELINE__
__POOL_SYNTHETIC_IMPORT_BASELINE__
__POOL_SYNTHETIC_IMPORT_BASELINE__
__POOL_SYNTHETIC_IMPORT_BASELINE__
__POOL_SYNTHETIC_IMPORT_BASELINE__
github.com/mattn/go-isatty v0.0.20 h1:xfD0iDuEKnDkl03q4limB+vH+GxLEtL/jb4xVJSWWEY=
github.com/mattn/go-isatty v0.0.20/go.mod h1:W+V8PltTTMOvKvAeJH7IuucS94S2C6jfK/D7dTCTo3Y=
github.com/mattn/go-sqlite3 v1.14.28 h1:ThEiQrnbtumT+QMknw63Befp/ce/nUPgBPMlRFEum7A=
github.com/mattn/go-sqlite3 v1.14.28/go.mod h1:Uh1q+B4BYcTPb+yiD3kU8Ct7aC0hY9fxUwlHK0RXw+Y=
github.com/mitchellh/mapstructure v1.5.0 h1:jeMsZIYE/09sWLaz43PL7Gy6RuMjD2eJVyuac5Z2hdY=
github.com/mitchellh/mapstructure v1.5.0/go.mod h1:bFUtVrKA4DC2yAKiSyO/QUcy7e+RRV2QTWOzhPopBRo=
__POOL_SYNTHETIC_IMPORT_BASELINE__
__POOL_SYNTHETIC_IMPORT_BASELINE__
__POOL_SYNTHETIC_IMPORT_BASELINE__
__POOL_SYNTHETIC_IMPORT_BASELINE__
github.com/petermattis/goid v0.0.0-20240813172612-4fcff4a6cae7 h1:Dx7Ovyv/SFnMFw3fD4oEoeorXc6saIiQ23LrGLth0Gw=
github.com/petermattis/goid v0.0.0-20240813172612-4fcff4a6cae7/go.mod h1:pxMtw7cyUw6B2bRH0ZBANSPg+AoSud1I1iyJHI69jH4=
__POOL_SYNTHETIC_IMPORT_BASELINE__
__POOL_SYNTHETIC_IMPORT_BASELINE__
github.com/pkg/errors v0.9.1 h1:FEBLx1zS214owpjy7qsBeixbURkuhQAwrK5UwLGTwt4=
github.com/pkg/errors v0.9.1/go.mod h1:bwawxfHBFNV+L2hUp1rHADufV3IMtnDRdf1r5NINEl0=
github.com/pmezard/go-difflib v1.0.0/go.mod h1:iKH77koFhYxTK1pcRnkKkqfTogsbg7gZNVY4sRDYZ/4=
github.com/pmezard/go-difflib v1.0.1-0.20181226105442-5d4384ee4fb2 h1:Jamvg5psRIccs7FGNTlIRMkT8wgtp5eCXdBlqhYGL6U=
github.com/pmezard/go-difflib v1.0.1-0.20181226105442-5d4384ee4fb2/go.mod h1:iKH77koFhYxTK1pcRnkKkqfTogsbg7gZNVY4sRDYZ/4=
github.com/poolsideai/acp-go-sdk v0.0.0-20260731145119-52ff639a379a h1:tSj0kywmW7zgnpk23fF7TCQ4ttMP2q5dFFCB6HZaczg=
github.com/poolsideai/acp-go-sdk v0.0.0-20260731145119-52ff639a379a/go.mod h1:yKzM/3R9uELp4+nBAwwtkS0aN1FOFjo11CNPy37yFko=
github.com/poolsideai/glsp v0.0.8 h1:uC8AtfHZp2OQDYCpTW6YMZMOsIKJjz04IY+CuVVVV4c=
github.com/poolsideai/glsp v0.0.8/go.mod h1:vvqa+vdKF6vvY8MQdGprXZ2BsU/uGgtPywKPyHbtKaQ=
__POOL_SYNTHETIC_IMPORT_BASELINE__
__POOL_SYNTHETIC_IMPORT_BASELINE__
__POOL_SYNTHETIC_IMPORT_BASELINE__
__POOL_SYNTHETIC_IMPORT_BASELINE__
__POOL_SYNTHETIC_IMPORT_BASELINE__
__POOL_SYNTHETIC_IMPORT_BASELINE__
__POOL_SYNTHETIC_IMPORT_BASELINE__
__POOL_SYNTHETIC_IMPORT_BASELINE__
__POOL_SYNTHETIC_IMPORT_BASELINE__
github.com/sasha-s/go-deadlock v0.3.5 h1:tNCOEEDG6tBqrNDOX35j/7hL5FcFViG6awUGROb2NsU=
github.com/sasha-s/go-deadlock v0.3.5/go.mod h1:bugP6EGbdGYObIlx7pUZtWqlvo8k9H6vCBBsiChJQ5U=
github.com/segmentio/ksuid v1.0.4 h1:sBo2BdShXjmcugAMwjugoGUdUV0pcxY5mW4xKRn3v4c=
github.com/segmentio/ksuid v1.0.4/go.mod h1:/XUiZBD3kVx5SmUOl55voK5yeAbBNNIed+2O73XgrPE=
__POOL_SYNTHETIC_IMPORT_BASELINE__
__POOL_SYNTHETIC_IMPORT_BASELINE__
__POOL_SYNTHETIC_IMPORT_BASELINE__
__POOL_SYNTHETIC_IMPORT_BASELINE__
__POOL_SYNTHETIC_IMPORT_BASELINE__
__POOL_SYNTHETIC_IMPORT_BASELINE__
__POOL_SYNTHETIC_IMPORT_BASELINE__
__POOL_SYNTHETIC_IMPORT_BASELINE__
__POOL_SYNTHETIC_IMPORT_BASELINE__
__POOL_SYNTHETIC_IMPORT_BASELINE__
__POOL_SYNTHETIC_IMPORT_BASELINE__
__POOL_SYNTHETIC_IMPORT_BASELINE__
__POOL_SYNTHETIC_IMPORT_BASELINE__
__POOL_SYNTHETIC_IMPORT_BASELINE__
github.com/stretchr/objx v0.1.0/go.mod h1:HFkY916IF+rwdDfMAkV7OtwuqBVzrE8GR6GFx+wExME=
__POOL_SYNTHETIC_IMPORT_BASELINE__
__POOL_SYNTHETIC_IMPORT_BASELINE__
__POOL_SYNTHETIC_IMPORT_BASELINE__
github.com/stretchr/testify v1.4.0/go.mod h1:j7eGeouHqKxXV5pUuKE4zz7dFj8WfuZ+81PSLYec5m4=
__POOL_SYNTHETIC_IMPORT_BASELINE__
__POOL_SYNTHETIC_IMPORT_BASELINE__
github.com/tliron/commonlog v0.2.18 h1:F0zY09VDGTasPCpP9KvE8xqqVNMUfwMJQ0Xvo5Y6BRs=
github.com/tliron/commonlog v0.2.18/go.mod h1:7f3OMSgVyGAFbRKwlvfUErnB6U75LgW8wa6NlWuswGg=
github.com/tliron/kutil v0.3.25 h1:oaPN6K0zsH3KcVnsocA3kAlfR0XYDzADob6xdjqe56k=
github.com/tliron/kutil v0.3.25/go.mod h1:ZvOJuF6PTGvjfHmn2dFcgz+EDEzRQqQUztK+7djlXIw=
__POOL_SYNTHETIC_IMPORT_BASELINE__
__POOL_SYNTHETIC_IMPORT_BASELINE__
__POOL_SYNTHETIC_IMPORT_BASELINE__
__POOL_SYNTHETIC_IMPORT_BASELINE__
go.uber.org/atomic v1.11.0 h1:ZvwS0R+56ePWxUNi+Atn9dWONBPp/AUETXlHW0DxSjE=
go.uber.org/atomic v1.11.0/go.mod h1:LUxbIzbOniOlMKjJjyPfpl4v+PKK2cNJn91OQbhoJI0=
__POOL_SYNTHETIC_IMPORT_BASELINE__
__POOL_SYNTHETIC_IMPORT_BASELINE__
__POOL_SYNTHETIC_IMPORT_BASELINE__
__POOL_SYNTHETIC_IMPORT_BASELINE__
__POOL_SYNTHETIC_IMPORT_BASELINE__
golang.org/x/exp/typeparams v0.0.0-20240314144324-c7f7c6466f7f h1:phY1HzDcf18Aq9A8KkmRtY9WvOFIxN8wgfvy6Zm1DV8=
golang.org/x/exp/typeparams v0.0.0-20240314144324-c7f7c6466f7f/go.mod h1:AbB0pIl9nAr9wVwH+Z2ZpaocVmF5I4GyWCDIsVjR0bk=
__POOL_SYNTHETIC_IMPORT_BASELINE__
__POOL_SYNTHETIC_IMPORT_BASELINE__
golang.org/x/net v0.0.0-20211112202133-69e39bad7dc2/go.mod h1:9nx3DQGgdP8bBQD5qxJ1jj9UTztislL4KSBs9R2vV5Y=
golang.org/x/net v0.55.0 h1:bcvxaJn3e1U6InsFWt1JUq1aSjnRxLzT2rtD2KfkDF8=
golang.org/x/net v0.55.0/go.mod h1:L5U2KuzuOe1lY7Z+aWVIKK6qEeJXnXV9yzGA+WCHJww=
__POOL_SYNTHETIC_IMPORT_BASELINE__
__POOL_SYNTHETIC_IMPORT_BASELINE__
__POOL_SYNTHETIC_IMPORT_BASELINE__
__POOL_SYNTHETIC_IMPORT_BASELINE__
__POOL_SYNTHETIC_IMPORT_BASELINE__
golang.org/x/sys v0.0.0-20201119102817-f84b799fce68/go.mod h1:h1NjWce9XRLGQEsW7wpKNCjG9DtNlClVuFLEZdDNbEs=
__POOL_SYNTHETIC_IMPORT_BASELINE__
golang.org/x/sys v0.0.0-20210423082822-04245dca01da/go.mod h1:h1NjWce9XRLGQEsW7wpKNCjG9DtNlClVuFLEZdDNbEs=
golang.org/x/sys v0.0.0-20210615035016-665e8c7367d1/go.mod h1:oPkhp1MJrh7nUepCBck5+mAzfO9JrbApNNgaTdGDITg=
__POOL_SYNTHETIC_IMPORT_BASELINE__
__POOL_SYNTHETIC_IMPORT_BASELINE__
golang.org/x/sys v0.6.0/go.mod h1:oPkhp1MJrh7nUepCBck5+mAzfO9JrbApNNgaTdGDITg=
__POOL_SYNTHETIC_IMPORT_BASELINE__
__POOL_SYNTHETIC_IMPORT_BASELINE__
__POOL_SYNTHETIC_IMPORT_BASELINE__
__POOL_SYNTHETIC_IMPORT_BASELINE__
golang.org/x/term v0.0.0-20201126162022-7de9c90e9dd1/go.mod h1:bj7SfCRtBDWHUb9snDiAeCFNEtKQo2Wmx5Cou7ajbmo=
__POOL_SYNTHETIC_IMPORT_BASELINE__
__POOL_SYNTHETIC_IMPORT_BASELINE__
golang.org/x/text v0.3.6/go.mod h1:5Zoc/QRtKVWzQhOtBMvqHzDpF6irO9z98xDceosuGiQ=
__POOL_SYNTHETIC_IMPORT_BASELINE__
__POOL_SYNTHETIC_IMPORT_BASELINE__
golang.org/x/tools v0.0.0-20180917221912-90fa682c2a6e/go.mod h1:n7NCudcB/nEzxVGmLbDWY5pfWTLqBcC2KZ6jyYvM4mQ=
__POOL_SYNTHETIC_IMPORT_BASELINE__
__POOL_SYNTHETIC_IMPORT_BASELINE__
golang.org/x/tools/go/expect v0.1.1-deprecated h1:jpBZDwmgPhXsKZC6WhL20P4b/wmnpsEAGHaNy0n/rJM=
golang.org/x/tools/go/expect v0.1.1-deprecated/go.mod h1:eihoPOH+FgIqa3FpoTwguz/bVUSGBlGQU67vpBeOrBY=
gopkg.in/check.v1 v0.0.0-20161208181325-20d25e280405/go.mod h1:Co6ibVJAznAaIkqp8huTwlJQCZ016jof/cbN4VW5Yz0=
__POOL_SYNTHETIC_IMPORT_BASELINE__
__POOL_SYNTHETIC_IMPORT_BASELINE__
__POOL_SYNTHETIC_IMPORT_BASELINE__
__POOL_SYNTHETIC_IMPORT_BASELINE__
__POOL_SYNTHETIC_IMPORT_BASELINE__
gopkg.in/yaml.v2 v2.2.2/go.mod h1:hI93XBmqTisBFMUTm0b8Fm+jr3Dg1NNxqwp+5A1VGuI=
gopkg.in/yaml.v2 v2.4.0/go.mod h1:RDklbk79AGWmwhnvt/jBztapEOGDOx6ZbXqjP6csGnQ=
gopkg.in/yaml.v3 v3.0.1 h1:fxVm/GzAzEWqLHuvctI91KS9hhNmmWOoWu0XTYJS7CA=
gopkg.in/yaml.v3 v3.0.1/go.mod h1:K4uyk7z7BCEPqu6E+C64Yfv1cQ7kz7rIZviUmN+EgEM=
honnef.co/go/tools v0.7.0 h1:w6WUp1VbkqPEgLz4rkBzH/CSU6HkoqNLp6GstyTx3lU=
honnef.co/go/tools v0.7.0/go.mod h1:pm29oPxeP3P82ISxZDgIYeOaf9ta6Pi0EWvCFoLG2vc=
