__POOL_SYNTHETIC_IMPORT_BASELINE__
__POOL_SYNTHETIC_IMPORT_BASELINE__
__POOL_SYNTHETIC_IMPORT_BASELINE__
__POOL_SYNTHETIC_IMPORT_BASELINE__
__POOL_SYNTHETIC_IMPORT_BASELINE__
__POOL_SYNTHETIC_IMPORT_BASELINE__
__POOL_SYNTHETIC_IMPORT_BASELINE__
__POOL_SYNTHETIC_IMPORT_BASELINE__
__POOL_SYNTHETIC_IMPORT_BASELINE__
__POOL_SYNTHETIC_IMPORT_BASELINE__
__POOL_SYNTHETIC_IMPORT_BASELINE__
__POOL_SYNTHETIC_IMPORT_BASELINE__
__POOL_SYNTHETIC_IMPORT_BASELINE__
__POOL_SYNTHETIC_IMPORT_BASELINE__
__POOL_SYNTHETIC_IMPORT_BASELINE__
__POOL_SYNTHETIC_IMPORT_BASELINE__
__POOL_SYNTHETIC_IMPORT_BASELINE__
__POOL_SYNTHETIC_IMPORT_BASELINE__
__POOL_SYNTHETIC_IMPORT_BASELINE__
__POOL_SYNTHETIC_IMPORT_BASELINE__
__POOL_SYNTHETIC_IMPORT_BASELINE__
__POOL_SYNTHETIC_IMPORT_BASELINE__
__POOL_SYNTHETIC_IMPORT_BASELINE__
__POOL_SYNTHETIC_IMPORT_BASELINE__
__POOL_SYNTHETIC_IMPORT_BASELINE__
__POOL_SYNTHETIC_IMPORT_BASELINE__
__POOL_SYNTHETIC_IMPORT_BASELINE__
__POOL_SYNTHETIC_IMPORT_BASELINE__
__POOL_SYNTHETIC_IMPORT_BASELINE__
__POOL_SYNTHETIC_IMPORT_BASELINE__
__POOL_SYNTHETIC_IMPORT_BASELINE__
__POOL_SYNTHETIC_IMPORT_BASELINE__
__POOL_SYNTHETIC_IMPORT_BASELINE__
__POOL_SYNTHETIC_IMPORT_BASELINE__
__POOL_SYNTHETIC_IMPORT_BASELINE__
__POOL_SYNTHETIC_IMPORT_BASELINE__
__POOL_SYNTHETIC_IMPORT_BASELINE__
__POOL_SYNTHETIC_IMPORT_BASELINE__
__POOL_SYNTHETIC_IMPORT_BASELINE__
__POOL_SYNTHETIC_IMPORT_BASELINE__
__POOL_SYNTHETIC_IMPORT_BASELINE__
__POOL_SYNTHETIC_IMPORT_BASELINE__
__POOL_SYNTHETIC_IMPORT_BASELINE__
__POOL_SYNTHETIC_IMPORT_BASELINE__
__POOL_SYNTHETIC_IMPORT_BASELINE__
__POOL_SYNTHETIC_IMPORT_BASELINE__
__POOL_SYNTHETIC_IMPORT_BASELINE__
__POOL_SYNTHETIC_IMPORT_BASELINE__
__POOL_SYNTHETIC_IMPORT_BASELINE__
__POOL_SYNTHETIC_IMPORT_BASELINE__
__POOL_SYNTHETIC_IMPORT_BASELINE__
__POOL_SYNTHETIC_IMPORT_BASELINE__
__POOL_SYNTHETIC_IMPORT_BASELINE__
__POOL_SYNTHETIC_IMPORT_BASELINE__
__POOL_SYNTHETIC_IMPORT_BASELINE__
__POOL_SYNTHETIC_IMPORT_BASELINE__
__POOL_SYNTHETIC_IMPORT_BASELINE__
__POOL_SYNTHETIC_IMPORT_BASELINE__
__POOL_SYNTHETIC_IMPORT_BASELINE__
__POOL_SYNTHETIC_IMPORT_BASELINE__
__POOL_SYNTHETIC_IMPORT_BASELINE__
__POOL_SYNTHETIC_IMPORT_BASELINE__
__POOL_SYNTHETIC_IMPORT_BASELINE__
__POOL_SYNTHETIC_IMPORT_BASELINE__
__POOL_SYNTHETIC_IMPORT_BASELINE__
__POOL_SYNTHETIC_IMPORT_BASELINE__
__POOL_SYNTHETIC_IMPORT_BASELINE__
__POOL_SYNTHETIC_IMPORT_BASELINE__
__POOL_SYNTHETIC_IMPORT_BASELINE__
__POOL_SYNTHETIC_IMPORT_BASELINE__
__POOL_SYNTHETIC_IMPORT_BASELINE__
__POOL_SYNTHETIC_IMPORT_BASELINE__
__POOL_SYNTHETIC_IMPORT_BASELINE__
__POOL_SYNTHETIC_IMPORT_BASELINE__
__POOL_SYNTHETIC_IMPORT_BASELINE__
__POOL_SYNTHETIC_IMPORT_BASELINE__
__POOL_SYNTHETIC_IMPORT_BASELINE__
__POOL_SYNTHETIC_IMPORT_BASELINE__
github.com/iancoleman/strcase v0.3.0 h1:nTXanmYxhfFAMjZL34Ov6gkzEsSJZ5DbhxWjvSASxEI=
github.com/iancoleman/strcase v0.3.0/go.mod h1:iwCmte+B7n89clKwxIoIXy/HfoL7AsD47ZCWhYzw7ho=
__POOL_SYNTHETIC_IMPORT_BASELINE__
__POOL_SYNTHETIC_IMPORT_BASELINE__
__POOL_SYNTHETIC_IMPORT_BASELINE__
__POOL_SYNTHETIC_IMPORT_BASELINE__
__POOL_SYNTHETIC_IMPORT_BASELINE__
__POOL_SYNTHETIC_IMPORT_BASELINE__
__POOL_SYNTHETIC_IMPORT_BASELINE__
__POOL_SYNTHETIC_IMPORT_BASELINE__
__POOL_SYNTHETIC_IMPORT_BASELINE__
__POOL_SYNTHETIC_IMPORT_BASELINE__
__POOL_SYNTHETIC_IMPORT_BASELINE__
__POOL_SYNTHETIC_IMPORT_BASELINE__
__POOL_SYNTHETIC_IMPORT_BASELINE__
__POOL_SYNTHETIC_IMPORT_BASELINE__
__POOL_SYNTHETIC_IMPORT_BASELINE__
__POOL_SYNTHETIC_IMPORT_BASELINE__
__POOL_SYNTHETIC_IMPORT_BASELINE__
__POOL_SYNTHETIC_IMPORT_BASELINE__
__POOL_SYNTHETIC_IMPORT_BASELINE__
__POOL_SYNTHETIC_IMPORT_BASELINE__
__POOL_SYNTHETIC_IMPORT_BASELINE__
__POOL_SYNTHETIC_IMPORT_BASELINE__
__POOL_SYNTHETIC_IMPORT_BASELINE__
__POOL_SYNTHETIC_IMPORT_BASELINE__
__POOL_SYNTHETIC_IMPORT_BASELINE__
__POOL_SYNTHETIC_IMPORT_BASELINE__
__POOL_SYNTHETIC_IMPORT_BASELINE__
__POOL_SYNTHETIC_IMPORT_BASELINE__
__POOL_SYNTHETIC_IMPORT_BASELINE__
__POOL_SYNTHETIC_IMPORT_BASELINE__
__POOL_SYNTHETIC_IMPORT_BASELINE__
__POOL_SYNTHETIC_IMPORT_BASELINE__
__POOL_SYNTHETIC_IMPORT_BASELINE__
__POOL_SYNTHETIC_IMPORT_BASELINE__
__POOL_SYNTHETIC_IMPORT_BASELINE__
__POOL_SYNTHETIC_IMPORT_BASELINE__
__POOL_SYNTHETIC_IMPORT_BASELINE__
__POOL_SYNTHETIC_IMPORT_BASELINE__
__POOL_SYNTHETIC_IMPORT_BASELINE__
__POOL_SYNTHETIC_IMPORT_BASELINE__
github.com/poolsideai/acp-go-sdk v0.0.0-20260731145119-52ff639a379a h1:tSj0kywmW7zgnpk23fF7TCQ4ttMP2q5dFFCB6HZaczg=
github.com/poolsideai/acp-go-sdk v0.0.0-20260731145119-52ff639a379a/go.mod h1:yKzM/3R9uELp4+nBAwwtkS0aN1FOFjo11CNPy37yFko=
__POOL_SYNTHETIC_IMPORT_BASELINE__
__POOL_SYNTHETIC_IMPORT_BASELINE__
__POOL_SYNTHETIC_IMPORT_BASELINE__
__POOL_SYNTHETIC_IMPORT_BASELINE__
__POOL_SYNTHETIC_IMPORT_BASELINE__
__POOL_SYNTHETIC_IMPORT_BASELINE__
__POOL_SYNTHETIC_IMPORT_BASELINE__
__POOL_SYNTHETIC_IMPORT_BASELINE__
__POOL_SYNTHETIC_IMPORT_BASELINE__
__POOL_SYNTHETIC_IMPORT_BASELINE__
__POOL_SYNTHETIC_IMPORT_BASELINE__
__POOL_SYNTHETIC_IMPORT_BASELINE__
__POOL_SYNTHETIC_IMPORT_BASELINE__
__POOL_SYNTHETIC_IMPORT_BASELINE__
__POOL_SYNTHETIC_IMPORT_BASELINE__
__POOL_SYNTHETIC_IMPORT_BASELINE__
__POOL_SYNTHETIC_IMPORT_BASELINE__
__POOL_SYNTHETIC_IMPORT_BASELINE__
__POOL_SYNTHETIC_IMPORT_BASELINE__
__POOL_SYNTHETIC_IMPORT_BASELINE__
__POOL_SYNTHETIC_IMPORT_BASELINE__
__POOL_SYNTHETIC_IMPORT_BASELINE__
__POOL_SYNTHETIC_IMPORT_BASELINE__
__POOL_SYNTHETIC_IMPORT_BASELINE__
__POOL_SYNTHETIC_IMPORT_BASELINE__
__POOL_SYNTHETIC_IMPORT_BASELINE__
__POOL_SYNTHETIC_IMPORT_BASELINE__
__POOL_SYNTHETIC_IMPORT_BASELINE__
__POOL_SYNTHETIC_IMPORT_BASELINE__
__POOL_SYNTHETIC_IMPORT_BASELINE__
__POOL_SYNTHETIC_IMPORT_BASELINE__
__POOL_SYNTHETIC_IMPORT_BASELINE__
__POOL_SYNTHETIC_IMPORT_BASELINE__
__POOL_SYNTHETIC_IMPORT_BASELINE__
__POOL_SYNTHETIC_IMPORT_BASELINE__
__POOL_SYNTHETIC_IMPORT_BASELINE__
__POOL_SYNTHETIC_IMPORT_BASELINE__
__POOL_SYNTHETIC_IMPORT_BASELINE__
__POOL_SYNTHETIC_IMPORT_BASELINE__
__POOL_SYNTHETIC_IMPORT_BASELINE__
__POOL_SYNTHETIC_IMPORT_BASELINE__
__POOL_SYNTHETIC_IMPORT_BASELINE__
__POOL_SYNTHETIC_IMPORT_BASELINE__
__POOL_SYNTHETIC_IMPORT_BASELINE__
__POOL_SYNTHETIC_IMPORT_BASELINE__
__POOL_SYNTHETIC_IMPORT_BASELINE__
__POOL_SYNTHETIC_IMPORT_BASELINE__
__POOL_SYNTHETIC_IMPORT_BASELINE__
__POOL_SYNTHETIC_IMPORT_BASELINE__
__POOL_SYNTHETIC_IMPORT_BASELINE__
__POOL_SYNTHETIC_IMPORT_BASELINE__
__POOL_SYNTHETIC_IMPORT_BASELINE__
__POOL_SYNTHETIC_IMPORT_BASELINE__
__POOL_SYNTHETIC_IMPORT_BASELINE__
__POOL_SYNTHETIC_IMPORT_BASELINE__
__POOL_SYNTHETIC_IMPORT_BASELINE__
golang.org/x/net v0.55.0 h1:bcvxaJn3e1U6InsFWt1JUq1aSjnRxLzT2rtD2KfkDF8=
golang.org/x/net v0.55.0/go.mod h1:L5U2KuzuOe1lY7Z+aWVIKK6qEeJXnXV9yzGA+WCHJww=
__POOL_SYNTHETIC_IMPORT_BASELINE__
__POOL_SYNTHETIC_IMPORT_BASELINE__
__POOL_SYNTHETIC_IMPORT_BASELINE__
__POOL_SYNTHETIC_IMPORT_BASELINE__
__POOL_SYNTHETIC_IMPORT_BASELINE__
__POOL_SYNTHETIC_IMPORT_BASELINE__
__POOL_SYNTHETIC_IMPORT_BASELINE__
__POOL_SYNTHETIC_IMPORT_BASELINE__
__POOL_SYNTHETIC_IMPORT_BASELINE__
__POOL_SYNTHETIC_IMPORT_BASELINE__
__POOL_SYNTHETIC_IMPORT_BASELINE__
__POOL_SYNTHETIC_IMPORT_BASELINE__
__POOL_SYNTHETIC_IMPORT_BASELINE__
__POOL_SYNTHETIC_IMPORT_BASELINE__
__POOL_SYNTHETIC_IMPORT_BASELINE__
__POOL_SYNTHETIC_IMPORT_BASELINE__
__POOL_SYNTHETIC_IMPORT_BASELINE__
__POOL_SYNTHETIC_IMPORT_BASELINE__
__POOL_SYNTHETIC_IMPORT_BASELINE__
__POOL_SYNTHETIC_IMPORT_BASELINE__
__POOL_SYNTHETIC_IMPORT_BASELINE__
__POOL_SYNTHETIC_IMPORT_BASELINE__
__POOL_SYNTHETIC_IMPORT_BASELINE__
__POOL_SYNTHETIC_IMPORT_BASELINE__
__POOL_SYNTHETIC_IMPORT_BASELINE__
__POOL_SYNTHETIC_IMPORT_BASELINE__
__POOL_SYNTHETIC_IMPORT_BASELINE__
__POOL_SYNTHETIC_IMPORT_BASELINE__
__POOL_SYNTHETIC_IMPORT_BASELINE__
__POOL_SYNTHETIC_IMPORT_BASELINE__
__POOL_SYNTHETIC_IMPORT_BASELINE__
__POOL_SYNTHETIC_IMPORT_BASELINE__
__POOL_SYNTHETIC_IMPORT_BASELINE__
__POOL_SYNTHETIC_IMPORT_BASELINE__
__POOL_SYNTHETIC_IMPORT_BASELINE__
__POOL_SYNTHETIC_IMPORT_BASELINE__
__POOL_SYNTHETIC_IMPORT_BASELINE__
__POOL_SYNTHETIC_IMPORT_BASELINE__
__POOL_SYNTHETIC_IMPORT_BASELINE__
